// !$*UTF8*$!
{
	archiveVersion = 1;
	classes = {
	};
	objectVersion = 46;
	objects = {

/* Begin PBXBuildFile section */
		9F7476F11F288C33000E2B6A /* AppDelegate.swift in Sources */ = {isa = PBXBuildFile; fileRef = 9F7476F01F288C33000E2B6A /* AppDelegate.swift */; };
		9F7476F31F288C33000E2B6A /* ViewController.swift in Sources */ = {isa = PBXBuildFile; fileRef = 9F7476F21F288C33000E2B6A /* ViewController.swift */; };
		9F7476F61F288C33000E2B6A /* Main.storyboard in Resources */ = {isa = PBXBuildFile; fileRef = 9F7476F41F288C33000E2B6A /* Main.storyboard */; };
		9F7476F81F288C33000E2B6A /* Assets.xcassets in Resources */ = {isa = PBXBuildFile; fileRef = 9F7476F71F288C33000E2B6A /* Assets.xcassets */; };
		9F7476FB1F288C33000E2B6A /* LaunchScreen.storyboard in Resources */ = {isa = PBXBuildFile; fileRef = 9F7476F91F288C33000E2B6A /* LaunchScreen.storyboard */; };
		9F7477031F288C66000E2B6A /* AlertViewController.swift in Sources */ = {isa = PBXBuildFile; fileRef = 9F7477021F288C66000E2B6A /* AlertViewController.swift */; };
		9F7477051F28BD76000E2B6A /* UIAlertAction+Extensions.swift in Sources */ = {isa = PBXBuildFile; fileRef = 9F7477041F28BD76000E2B6A /* UIAlertAction+Extensions.swift */; };
/* End PBXBuildFile section */

/* Begin PBXFileReference section */
		9F70A9341F3E33F800721047 /* README.md */ = {isa = PBXFileReference; lastKnownFileType = net.daringfireball.markdown; path = README.md; sourceTree = "<group>"; };
		9F7476ED1F288C33000E2B6A /* AlertViewController.app */ = {isa = PBXFileReference; explicitFileType = wrapper.application; includeInIndex = 0; path = AlertViewController.app; sourceTree = BUILT_PRODUCTS_DIR; };
		9F7476F01F288C33000E2B6A /* AppDelegate.swift */ = {isa = PBXFileReference; lastKnownFileType = sourcecode.swift; path = AppDelegate.swift; sourceTree = "<group>"; };
		9F7476F21F288C33000E2B6A /* ViewController.swift */ = {isa = PBXFileReference; lastKnownFileType = sourcecode.swift; path = ViewController.swift; sourceTree = "<group>"; };
		9F7476F51F288C33000E2B6A /* Base */ = {isa = PBXFileReference; lastKnownFileType = file.storyboard; name = Base; path = Base.lproj/Main.storyboard; sourceTree = "<group>"; };
		9F7476F71F288C33000E2B6A /* Assets.xcassets */ = {isa = PBXFileReference; lastKnownFileType = folder.assetcatalog; path = Assets.xcassets; sourceTree = "<group>"; };
		9F7476FA1F288C33000E2B6A /* Base */ = {isa = PBXFileReference; lastKnownFileType = file.storyboard; name = Base; path = Base.lproj/LaunchScreen.storyboard; sourceTree = "<group>"; };
		9F7476FC1F288C33000E2B6A /* Info.plist */ = {isa = PBXFileReference; lastKnownFileType = text.plist.xml; path = Info.plist; sourceTree = "<group>"; };
		9F7477021F288C66000E2B6A /* AlertViewController.swift */ = {isa = PBXFileReference; fileEncoding = 4; lastKnownFileType = sourcecode.swift; path = AlertViewController.swift; sourceTree = "<group>"; };
		9F7477041F28BD76000E2B6A /* UIAlertAction+Extensions.swift */ = {isa = PBXFileReference; fileEncoding = 4; lastKnownFileType = sourcecode.swift; path = "UIAlertAction+Extensions.swift"; sourceTree = "<group>"; };
/* End PBXFileReference section */

/* Begin PBXFrameworksBuildPhase section */
		9F7476EA1F288C33000E2B6A /* Frameworks */ = {
			isa = PBXFrameworksBuildPhase;
			buildActionMask = 2147483647;
			files = (
			);
			runOnlyForDeploymentPostprocessing = 0;
		};
/* End PBXFrameworksBuildPhase section */

/* Begin PBXGroup section */
		9F7476E41F288C33000E2B6A = {
			isa = PBXGroup;
			children = (
				9F70A9341F3E33F800721047 /* README.md */,
				9F7476EF1F288C33000E2B6A /* AlertViewController */,
				9F7476EE1F288C33000E2B6A /* Products */,
			);
			sourceTree = "<group>";
		};
		9F7476EE1F288C33000E2B6A /* Products */ = {
			isa = PBXGroup;
			children = (
				9F7476ED1F288C33000E2B6A /* AlertViewController.app */,
			);
			name = Products;
			sourceTree = "<group>";
		};
		9F7476EF1F288C33000E2B6A /* AlertViewController */ = {
			isa = PBXGroup;
			children = (
				9F7476F01F288C33000E2B6A /* AppDelegate.swift */,
				9F7476F21F288C33000E2B6A /* ViewController.swift */,
				9F7477021F288C66000E2B6A /* AlertViewController.swift */,
				9F7477041F28BD76000E2B6A /* UIAlertAction+Extensions.swift */,
				9F7476F41F288C33000E2B6A /* Main.storyboard */,
				9F7476F71F288C33000E2B6A /* Assets.xcassets */,
				9F7476F91F288C33000E2B6A /* LaunchScreen.storyboard */,
				9F7476FC1F288C33000E2B6A /* Info.plist */,
			);
			path = AlertViewController;
			sourceTree = "<group>";
		};
/* End PBXGroup section */

/* Begin PBXNativeTarget section */
		9F7476EC1F288C33000E2B6A /* AlertViewController */ = {
			isa = PBXNativeTarget;
			buildConfigurationList = 9F7476FF1F288C33000E2B6A /* Build configuration list for PBXNativeTarget "AlertViewController" */;
			buildPhases = (
				9F7476E91F288C33000E2B6A /* Sources */,
				9F7476EA1F288C33000E2B6A /* Frameworks */,
				9F7476EB1F288C33000E2B6A /* Resources */,
			);
			buildRules = (
			);
			dependencies = (
			);
			name = AlertViewController;
			productName = AlertViewController;
			productReference = 9F7476ED1F288C33000E2B6A /* AlertViewController.app */;
			productType = "com.apple.product-type.application";
		};
/* End PBXNativeTarget section */

/* Begin PBXProject section */
		9F7476E51F288C33000E2B6A /* Project object */ = {
			isa = PBXProject;
			attributes = {
				LastSwiftUpdateCheck = 0830;
				LastUpgradeCheck = 0830;
				ORGANIZATIONNAME = "stringCode ltd";
				TargetAttributes = {
					9F7476EC1F288C33000E2B6A = {
						CreatedOnToolsVersion = 8.3.3;
						DevelopmentTeam = T8TH53QYXW;
						ProvisioningStyle = Automatic;
					};
				};
			};
			buildConfigurationList = 9F7476E81F288C33000E2B6A /* Build configuration list for PBXProject "AlertViewController" */;
			compatibilityVersion = "Xcode 3.2";
			developmentRegion = English;
			hasScannedForEncodings = 0;
			knownRegions = (
				en,
				Base,
			);
			mainGroup = 9F7476E41F288C33000E2B6A;
			productRefGroup = 9F7476EE1F288C33000E2B6A /* Products */;
			projectDirPath = "";
			projectRoot = "";
			targets = (
				9F7476EC1F288C33000E2B6A /* AlertViewController */,
			);
		};
/* End PBXProject section */

/* Begin PBXResourcesBuildPhase section */
		9F7476EB1F288C33000E2B6A /* Resources */ = {
			isa = PBXResourcesBuildPhase;
			buildActionMask = 2147483647;
			files = (
				9F7476FB1F288C33000E2B6A /* LaunchScreen.storyboard in Resources */,
				9F7476F81F288C33000E2B6A /* Assets.xcassets in Resources */,
				9F7476F61F288C33000E2B6A /* Main.storyboard in Resources */,
			);
			runOnlyForDeploymentPostprocessing = 0;
		};
/* End PBXResourcesBuildPhase section */

/* Begin PBXSourcesBuildPhase section */
		9F7476E91F288C33000E2B6A /* Sources */ = {
			isa = PBXSourcesBuildPhase;
			buildActionMask = 2147483647;
			files = (
				9F7477051F28BD76000E2B6A /* UIAlertAction+Extensions.swift in Sources */,
				9F7476F31F288C33000E2B6A /* ViewController.swift in Sources */,
				9F7477031F288C66000E2B6A /* AlertViewController.swift in Sources */,
				9F7476F11F288C33000E2B6A /* AppDelegate.swift in Sources */,
			);
			runOnlyForDeploymentPostprocessing = 0;
		};
/* End PBXSourcesBuildPhase section */

/* Begin PBXVariantGroup section */
		9F7476F41F288C33000E2B6A /* Main.storyboard */ = {
			isa = PBXVariantGroup;
			children = (
				9F7476F51F288C33000E2B6A /* Base */,
			);
			name = Main.storyboard;
			sourceTree = "<group>";
		};
		9F7476F91F288C33000E2B6A /* LaunchScreen.storyboard */ = {
			isa = PBXVariantGroup;
			children = (
				9F7476FA1F288C33000E2B6A /* Base */,
			);
			name = LaunchScreen.storyboard;
			sourceTree = "<group>";
		};
/* End PBXVariantGroup section */

/* Begin XCBuildConfiguration section */
		9F7476FD1F288C33000E2B6A /* Debug */ = {
			isa = XCBuildConfiguration;
			buildSettings = {
				ALWAYS_SEARCH_USER_PATHS = NO;
				CLANG_ANALYZER_NONNULL = YES;
				CLANG_ANALYZER_NUMBER_OBJECT_CONVERSION = YES_AGGRESSIVE;
				CLANG_CXX_LANGUAGE_STANDARD = "gnu++0x";
				CLANG_CXX_LIBRARY = "libc++";
				CLANG_ENABLE_MODULES = YES;
				CLANG_ENABLE_OBJC_ARC = YES;
				CLANG_WARN_BOOL_CONVERSION = YES;
				CLANG_WARN_CONSTANT_CONVERSION = YES;
				CLANG_WARN_DIRECT_OBJC_ISA_USAGE = YES_ERROR;
				CLANG_WARN_DOCUMENTATION_COMMENTS = YES;
				CLANG_WARN_EMPTY_BODY = YES;
				CLANG_WARN_ENUM_CONVERSION = YES;
				CLANG_WARN_INFINITE_RECURSION = YES;
				CLANG_WARN_INT_CONVERSION = YES;
				CLANG_WARN_OBJC_ROOT_CLASS = YES_ERROR;
				CLANG_WARN_SUSPICIOUS_MOVE = YES;
				CLANG_WARN_UNREACHABLE_CODE = YES;
				CLANG_WARN__DUPLICATE_METHOD_MATCH = YES;
				"CODE_SIGN_IDENTITY[sdk=iphoneos*]" = "iPhone Developer";
				COPY_PHASE_STRIP = NO;
				DEBUG_INFORMATION_FORMAT = dwarf;
				ENABLE_STRICT_OBJC_MSGSEND = YES;
				ENABLE_TESTABILITY = YES;
				GCC_C_LANGUAGE_STANDARD = gnu99;
				GCC_DYNAMIC_NO_PIC = NO;
				GCC_NO_COMMON_BLOCKS = YES;
				GCC_OPTIMIZATION_LEVEL = 0;
				GCC_PREPROCESSOR_DEFINITIONS = (
					"DEBUG=1",
					"$(inherited)",
				);
				GCC_WARN_64_TO_32_BIT_CONVERSION = YES;
				GCC_WARN_ABOUT_RETURN_TYPE = YES_ERROR;
				GCC_WARN_UNDECLARED_SELECTOR = YES;
				GCC_WARN_UNINITIALIZED_AUTOS = YES_AGGRESSIVE;
				GCC_WARN_UNUSED_FUNCTION = YES;
				GCC_WARN_UNUSED_VARIABLE = YES;
				IPHONEOS_DEPLOYMENT_TARGET = 10.3;
				MTL_ENABLE_DEBUG_INFO = YES;
				ONLY_ACTIVE_ARCH = YES;
				SDKROOT = iphoneos;
				SWIFT_ACTIVE_COMPILATION_CONDITIONS = DEBUG;
				SWIFT_OPTIMIZATION_LEVEL = "-Onone";
				TARGETED_DEVICE_FAMILY = "1,2";
			};
			name = Debug;
		};
		9F7476FE1F288C33000E2B6A /* Release */ = {
			isa = XCBuildConfiguration;
			buildSettings = {
				ALWAYS_SEARCH_USER_PATHS = NO;
				CLANG_ANALYZER_NONNULL = YES;
				CLANG_ANALYZER_NUMBER_OBJECT_CONVERSION = YES_AGGRESSIVE;
				CLANG_CXX_LANGUAGE_STANDARD = "gnu++0x";
				CLANG_CXX_LIBRARY = "libc++";
				CLANG_ENABLE_MODULES = YES;
				CLANG_ENABLE_OBJC_ARC = YES;
				CLANG_WARN_BOOL_CONVERSION = YES;
				CLANG_WARN_CONSTANT_CONVERSION = YES;
				CLANG_WARN_DIRECT_OBJC_ISA_USAGE = YES_ERROR;
				CLANG_WARN_DOCUMENTATION_COMMENTS = YES;
				CLANG_WARN_EMPTY_BODY = YES;
				CLANG_WARN_ENUM_CONVERSION = YES;
				CLANG_WARN_INFINITE_RECURSION = YES;
				CLANG_WARN_INT_CONVERSION = YES;
				CLANG_WARN_OBJC_ROOT_CLASS = YES_ERROR;
				CLANG_WARN_SUSPICIOUS_MOVE = YES;
				CLANG_WARN_UNREACHABLE_CODE = YES;
				CLANG_WARN__DUPLICATE_METHOD_MATCH = YES;
				"CODE_SIGN_IDENTITY[sdk=iphoneos*]" = "iPhone Developer";
				COPY_PHASE_STRIP = NO;
				DEBUG_INFORMATION_FORMAT = "dwarf-with-dsym";
				ENABLE_NS_ASSERTIONS = NO;
				ENABLE_STRICT_OBJC_MSGSEND = YES;
				GCC_C_LANGUAGE_STANDARD = gnu99;
				GCC_NO_COMMON_BLOCKS = YES;
				GCC_WARN_64_TO_32_BIT_CONVERSION = YES;
				GCC_WARN_ABOUT_RETURN_TYPE = YES_ERROR;
				GCC_WARN_UNDECLARED_SELECTOR = YES;
				GCC_WARN_UNINITIALIZED_AUTOS = YES_AGGRESSIVE;
				GCC_WARN_UNUSED_FUNCTION = YES;
				GCC_WARN_UNUSED_VARIABLE = YES;
				IPHONEOS_DEPLOYMENT_TARGET = 10.3;
				MTL_ENABLE_DEBUG_INFO = NO;
				SDKROOT = iphoneos;
				SWIFT_OPTIMIZATION_LEVEL = "-Owholemodule";
				TARGETED_DEVICE_FAMILY = "1,2";
				VALIDATE_PRODUCT = YES;
			};
			name = Release;
		};
		9F7477001F288C33000E2B6A /* Debug */ = {
			isa = XCBuildConfiguration;
			buildSettings = {
				ASSETCATALOG_COMPILER_APPICON_NAME = AppIcon;
				DEVELOPMENT_TEAM = T8TH53QYXW;
				INFOPLIST_FILE = AlertViewController/Info.plist;
				LD_RUNPATH_SEARCH_PATHS = "$(inherited) @executable_path/Frameworks";
				PRODUCT_BUNDLE_IDENTIFIER = uk.co.stringcode.AlertViewController;
				PRODUCT_NAME = "$(TARGET_NAME)";
				SWIFT_VERSION = 3.0;
			};
			name = Debug;
		};
		9F7477011F288C33000E2B6A /* Release */ = {
			isa = XCBuildConfiguration;
			buildSettings = {
				ASSETCATALOG_COMPILER_APPICON_NAME = AppIcon;
				DEVELOPMENT_TEAM = T8TH53QYXW;
				INFOPLIST_FILE = AlertViewController/Info.plist;
				LD_RUNPATH_SEARCH_PATHS = "$(inherited) @executable_path/Frameworks";
				PRODUCT_BUNDLE_IDENTIFIER = uk.co.stringcode.AlertViewController;
				PRODUCT_NAME = "$(TARGET_NAME)";
				SWIFT_VERSION = 3.0;
			};
			name = Release;
		};
/* End XCBuildConfiguration section */

/* Begin XCConfigurationList section */
		9F7476E81F288C33000E2B6A /* Build configuration list for PBXProject "AlertViewController" */ = {
			isa = XCConfigurationList;
			buildConfigurations = (
				9F7476FD1F288C33000E2B6A /* Debug */,
				9F7476FE1F288C33000E2B6A /* Release */,
			);
			defaultConfigurationIsVisible = 0;
			defaultConfigurationName = Release;
		};
		9F7476FF1F288C33000E2B6A /* Build configuration list for PBXNativeTarget "AlertViewController" */ = {
			isa = XCConfigurationList;
			buildConfigurations = (
				9F7477001F288C33000E2B6A /* Debug */,
				9F7477011F288C33000E2B6A /* Release */,
			);
			defaultConfigurationIsVisible = 0;
			defaultConfigurationName = Release;
		};
/* End XCConfigurationList section */
	};
	rootObject = 9F7476E51F288C33000E2B6A /* Project object */;
}
